version = 1
revision = 2
requires-python = ">=3.13"

[[package]]
name = "os"
version = "0.1.0"
source = { virtual = "." }
dependencies = [
    { name = "pyreadline" },
]

[package.metadata]
requires-dist = [{ name = "pyreadline", specifier = ">=2.1" }]

[[package]]
name = "pyreadline"
version = "2.1"
source = { registry = "https://pypi.org/simple" }
sdist = { url = "https://files.pythonhosted.org/packages/bc/7c/d724ef1ec3ab2125f38a1d53285745445ec4a8f19b9bb0761b4064316679/pyreadline-2.1.zip", hash = "sha256:4530592fc2e85b25b1a9f79664433da09237c1a270e4d78ea5aa3a2c7229e2d1", size = 109189, upload-time = "2015-09-16T08:24:48.745Z" }
